// !$*UTF8*$!
{
	archiveVersion = 1;
	classes = {
	};
	objectVersion = 48;
	objects = {

/* Begin PBXBuildFile section */
		DB6200B31FA1328900CBD73B /* AppDelegate.swift in Sources */ = {isa = PBXBuildFile; fileRef = DB6200B21FA1328900CBD73B /* AppDelegate.swift */; };
		DB6200B51FA1328900CBD73B /* ViewController.swift in Sources */ = {isa = PBXBuildFile; fileRef = DB6200B41FA1328900CBD73B /* ViewController.swift */; };
		DB6200B81FA1328900CBD73B /* Main.storyboard in Resources */ = {isa = PBXBuildFile; fileRef = DB6200B61FA1328900CBD73B /* Main.storyboard */; };
		DB6200BA1FA1328900CBD73B /* Assets.xcassets in Resources */ = {isa = PBXBuildFile; fileRef = DB6200B91FA1328900CBD73B /* Assets.xcassets */; };
		DB6200BD1FA1328900CBD73B /* LaunchScreen.storyboard in Resources */ = {isa = PBXBuildFile; fileRef = DB6200BB1FA1328900CBD73B /* LaunchScreen.storyboard */; };
		DB6200C81FA1328900CBD73B /* dev_profileTests.swift in Sources */ = {isa = PBXBuildFile; fileRef = DB6200C71FA1328900CBD73B /* dev_profileTests.swift */; };
		DB6200D31FA1328900CBD73B /* dev_profileUITests.swift in Sources */ = {isa = PBXBuildFile; fileRef = DB6200D21FA1328900CBD73B /* dev_profileUITests.swift */; };
/* End PBXBuildFile section */

/* Begin PBXContainerItemProxy section */
		DB6200C41FA1328900CBD73B /* PBXContainerItemProxy */ = {
			isa = PBXContainerItemProxy;
			containerPortal = DB6200A71FA1328900CBD73B /* Project object */;
			proxyType = 1;
			remoteGlobalIDString = DB6200AE1FA1328900CBD73B;
			remoteInfo = "dev-profile";
		};
		DB6200CF1FA1328900CBD73B /* PBXContainerItemProxy */ = {
			isa = PBXContainerItemProxy;
			containerPortal = DB6200A71FA1328900CBD73B /* Project object */;
			proxyType = 1;
			remoteGlobalIDString = DB6200AE1FA1328900CBD73B;
			remoteInfo = "dev-profile";
		};
/* End PBXContainerItemProxy section */

/* Begin PBXFileReference section */
		DB6200AF1FA1328900CBD73B /* dev-profile.app */ = {isa = PBXFileReference; explicitFileType = wrapper.application; includeInIndex = 0; path = "dev-profile.app"; sourceTree = BUILT_PRODUCTS_DIR; };
		DB6200B21FA1328900CBD73B /* AppDelegate.swift */ = {isa = PBXFileReference; lastKnownFileType = sourcecode.swift; path = AppDelegate.swift; sourceTree = "<group>"; };
		DB6200B41FA1328900CBD73B /* ViewController.swift */ = {isa = PBXFileReference; lastKnownFileType = sourcecode.swift; path = ViewController.swift; sourceTree = "<group>"; };
		DB6200B71FA1328900CBD73B /* Base */ = {isa = PBXFileReference; lastKnownFileType = file.storyboard; name = Base; path = Base.lproj/Main.storyboard; sourceTree = "<group>"; };
		DB6200B91FA1328900CBD73B /* Assets.xcassets */ = {isa = PBXFileReference; lastKnownFileType = folder.assetcatalog; path = Assets.xcassets; sourceTree = "<group>"; };
		DB6200BC1FA1328900CBD73B /* Base */ = {isa = PBXFileReference; lastKnownFileType = file.storyboard; name = Base; path = Base.lproj/LaunchScreen.storyboard; sourceTree = "<group>"; };
		DB6200BE1FA1328900CBD73B /* Info.plist */ = {isa = PBXFileReference; lastKnownFileType = text.plist.xml; path = Info.plist; sourceTree = "<group>"; };
		DB6200C31FA1328900CBD73B /* dev-profileTests.xctest */ = {isa = PBXFileReference; explicitFileType = wrapper.cfbundle; includeInIndex = 0; path = "dev-profileTests.xctest"; sourceTree = BUILT_PRODUCTS_DIR; };
		DB6200C71FA1328900CBD73B /* dev_profileTests.swift */ = {isa = PBXFileReference; lastKnownFileType = sourcecode.swift; path = dev_profileTests.swift; sourceTree = "<group>"; };
		DB6200C91FA1328900CBD73B /* Info.plist */ = {isa = PBXFileReference; lastKnownFileType = text.plist.xml; path = Info.plist; sourceTree = "<group>"; };
		DB6200CE1FA1328900CBD73B /* dev-profileUITests.xctest */ = {isa = PBXFileReference; explicitFileType = wrapper.cfbundle; includeInIndex = 0; path = "dev-profileUITests.xctest"; sourceTree = BUILT_PRODUCTS_DIR; };
		DB6200D21FA1328900CBD73B /* dev_profileUITests.swift */ = {isa = PBXFileReference; lastKnownFileType = sourcecode.swift; path = dev_profileUITests.swift; sourceTree = "<group>"; };
		DB6200D41FA1328900CBD73B /* Info.plist */ = {isa = PBXFileReference; lastKnownFileType = text.plist.xml; path = Info.plist; sourceTree = "<group>"; };
/* End PBXFileReference section */

/* Begin PBXFrameworksBuildPhase section */
		DB6200AC1FA1328900CBD73B /* Frameworks */ = {
			isa = PBXFrameworksBuildPhase;
			buildActionMask = 2147483647;
			files = (
			);
			runOnlyForDeploymentPostprocessing = 0;
		};
		DB6200C01FA1328900CBD73B /* Frameworks */ = {
			isa = PBXFrameworksBuildPhase;
			buildActionMask = 2147483647;
			files = (
			);
			runOnlyForDeploymentPostprocessing = 0;
		};
		DB6200CB1FA1328900CBD73B /* Frameworks */ = {
			isa = PBXFrameworksBuildPhase;
			buildActionMask = 2147483647;
			files = (
			);
			runOnlyForDeploymentPostprocessing = 0;
		};
/* End PBXFrameworksBuildPhase section */

/* Begin PBXGroup section */
		DB6200A61FA1328900CBD73B = {
			isa = PBXGroup;
			children = (
				DB6200B11FA1328900CBD73B /* dev-profile */,
				DB6200C61FA1328900CBD73B /* dev-profileTests */,
				DB6200D11FA1328900CBD73B /* dev-profileUITests */,
				DB6200B01FA1328900CBD73B /* Products */,
			);
			sourceTree = "<group>";
		};
		DB6200B01FA1328900CBD73B /* Products */ = {
			isa = PBXGroup;
			children = (
				DB6200AF1FA1328900CBD73B /* dev-profile.app */,
				DB6200C31FA1328900CBD73B /* dev-profileTests.xctest */,
				DB6200CE1FA1328900CBD73B /* dev-profileUITests.xctest */,
			);
			name = Products;
			sourceTree = "<group>";
		};
		DB6200B11FA1328900CBD73B /* dev-profile */ = {
			isa = PBXGroup;
			children = (
				DB6200B21FA1328900CBD73B /* AppDelegate.swift */,
				DB6200B41FA1328900CBD73B /* ViewController.swift */,
				DB6200B61FA1328900CBD73B /* Main.storyboard */,
				DB6200B91FA1328900CBD73B /* Assets.xcassets */,
				DB6200BB1FA1328900CBD73B /* LaunchScreen.storyboard */,
				DB6200BE1FA1328900CBD73B /* Info.plist */,
			);
			path = "dev-profile";
			sourceTree = "<group>";
		};
		DB6200C61FA1328900CBD73B /* dev-profileTests */ = {
			isa = PBXGroup;
			children = (
				DB6200C71FA1328900CBD73B /* dev_profileTests.swift */,
				DB6200C91FA1328900CBD73B /* Info.plist */,
			);
			path = "dev-profileTests";
			sourceTree = "<group>";
		};
		DB6200D11FA1328900CBD73B /* dev-profileUITests */ = {
			isa = PBXGroup;
			children = (
				DB6200D21FA1328900CBD73B /* dev_profileUITests.swift */,
				DB6200D41FA1328900CBD73B /* Info.plist */,
			);
			path = "dev-profileUITests";
			sourceTree = "<group>";
		};
/* End PBXGroup section */

/* Begin PBXNativeTarget section */
		DB6200AE1FA1328900CBD73B /* dev-profile */ = {
			isa = PBXNativeTarget;
			buildConfigurationList = DB6200D71FA1328900CBD73B /* Build configuration list for PBXNativeTarget "dev-profile" */;
			buildPhases = (
				DB6200AB1FA1328900CBD73B /* Sources */,
				DB6200AC1FA1328900CBD73B /* Frameworks */,
				DB6200AD1FA1328900CBD73B /* Resources */,
			);
			buildRules = (
			);
			dependencies = (
			);
			name = "dev-profile";
			productName = "dev-profile";
			productReference = DB6200AF1FA1328900CBD73B /* dev-profile.app */;
			productType = "com.apple.product-type.application";
		};
		DB6200C21FA1328900CBD73B /* dev-profileTests */ = {
			isa = PBXNativeTarget;
			buildConfigurationList = DB6200DA1FA1328900CBD73B /* Build configuration list for PBXNativeTarget "dev-profileTests" */;
			buildPhases = (
				DB6200BF1FA1328900CBD73B /* Sources */,
				DB6200C01FA1328900CBD73B /* Frameworks */,
				DB6200C11FA1328900CBD73B /* Resources */,
			);
			buildRules = (
			);
			dependencies = (
				DB6200C51FA1328900CBD73B /* PBXTargetDependency */,
			);
			name = "dev-profileTests";
			productName = "dev-profileTests";
			productReference = DB6200C31FA1328900CBD73B /* dev-profileTests.xctest */;
			productType = "com.apple.product-type.bundle.unit-test";
		};
		DB6200CD1FA1328900CBD73B /* dev-profileUITests */ = {
			isa = PBXNativeTarget;
			buildConfigurationList = DB6200DD1FA1328900CBD73B /* Build configuration list for PBXNativeTarget "dev-profileUITests" */;
			buildPhases = (
				DB6200CA1FA1328900CBD73B /* Sources */,
				DB6200CB1FA1328900CBD73B /* Frameworks */,
				DB6200CC1FA1328900CBD73B /* Resources */,
			);
			buildRules = (
			);
			dependencies = (
				DB6200D01FA1328900CBD73B /* PBXTargetDependency */,
			);
			name = "dev-profileUITests";
			productName = "dev-profileUITests";
			productReference = DB6200CE1FA1328900CBD73B /* dev-profileUITests.xctest */;
			productType = "com.apple.product-type.bundle.ui-testing";
		};
/* End PBXNativeTarget section */

/* Begin PBXProject section */
		DB6200A71FA1328900CBD73B /* Project object */ = {
			isa = PBXProject;
			attributes = {
				LastSwiftUpdateCheck = 0900;
				LastUpgradeCheck = 0900;
				ORGANIZATIONNAME = "Andrew Smith";
				TargetAttributes = {
					DB6200AE1FA1328900CBD73B = {
						CreatedOnToolsVersion = 9.0;
						ProvisioningStyle = Automatic;
					};
					DB6200C21FA1328900CBD73B = {
						CreatedOnToolsVersion = 9.0;
						ProvisioningStyle = Automatic;
						TestTargetID = DB6200AE1FA1328900CBD73B;
					};
					DB6200CD1FA1328900CBD73B = {
						CreatedOnToolsVersion = 9.0;
						ProvisioningStyle = Automatic;
						TestTargetID = DB6200AE1FA1328900CBD73B;
					};
				};
			};
			buildConfigurationList = DB6200AA1FA1328900CBD73B /* Build configuration list for PBXProject "dev-profile" */;
			compatibilityVersion = "Xcode 8.0";
			developmentRegion = en;
			hasScannedForEncodings = 0;
			knownRegions = (
				en,
				Base,
			);
			mainGroup = DB6200A61FA1328900CBD73B;
			productRefGroup = DB6200B01FA1328900CBD73B /* Products */;
			projectDirPath = "";
			projectRoot = "";
			targets = (
				DB6200AE1FA1328900CBD73B /* dev-profile */,
				DB6200C21FA1328900CBD73B /* dev-profileTests */,
				DB6200CD1FA1328900CBD73B /* dev-profileUITests */,
			);
		};
/* End PBXProject section */

/* Begin PBXResourcesBuildPhase section */
		DB6200AD1FA1328900CBD73B /* Resources */ = {
			isa = PBXResourcesBuildPhase;
			buildActionMask = 2147483647;
			files = (
				DB6200BD1FA1328900CBD73B /* LaunchScreen.storyboard in Resources */,
				DB6200BA1FA1328900CBD73B /* Assets.xcassets in Resources */,
				DB6200B81FA1328900CBD73B /* Main.storyboard in Resources */,
			);
			runOnlyForDeploymentPostprocessing = 0;
		};
		DB6200C11FA1328900CBD73B /* Resources */ = {
			isa = PBXResourcesBuildPhase;
			buildActionMask = 2147483647;
			files = (
			);
			runOnlyForDeploymentPostprocessing = 0;
		};
		DB6200CC1FA1328900CBD73B /* Resources */ = {
			isa = PBXResourcesBuildPhase;
			buildActionMask = 2147483647;
			files = (
			);
			runOnlyForDeploymentPostprocessing = 0;
		};
/* End PBXResourcesBuildPhase section */

/* Begin PBXSourcesBuildPhase section */
		DB6200AB1FA1328900CBD73B /* Sources */ = {
			isa = PBXSourcesBuildPhase;
			buildActionMask = 2147483647;
			files = (
				DB6200B51FA1328900CBD73B /* ViewController.swift in Sources */,
				DB6200B31FA1328900CBD73B /* AppDelegate.swift in Sources */,
			);
			runOnlyForDeploymentPostprocessing = 0;
		};
		DB6200BF1FA1328900CBD73B /* Sources */ = {
			isa = PBXSourcesBuildPhase;
			buildActionMask = 2147483647;
			files = (
				DB6200C81FA1328900CBD73B /* dev_profileTests.swift in Sources */,
			);
			runOnlyForDeploymentPostprocessing = 0;
		};
		DB6200CA1FA1328900CBD73B /* Sources */ = {
			isa = PBXSourcesBuildPhase;
			buildActionMask = 2147483647;
			files = (
				DB6200D31FA1328900CBD73B /* dev_profileUITests.swift in Sources */,
			);
			runOnlyForDeploymentPostprocessing = 0;
		};
/* End PBXSourcesBuildPhase section */

/* Begin PBXTargetDependency section */
		DB6200C51FA1328900CBD73B /* PBXTargetDependency */ = {
			isa = PBXTargetDependency;
			target = DB6200AE1FA1328900CBD73B /* dev-profile */;
			targetProxy = DB6200C41FA1328900CBD73B /* PBXContainerItemProxy */;
		};
		DB6200D01FA1328900CBD73B /* PBXTargetDependency */ = {
			isa = PBXTargetDependency;
			target = DB6200AE1FA1328900CBD73B /* dev-profile */;
			targetProxy = DB6200CF1FA1328900CBD73B /* PBXContainerItemProxy */;
		};
/* End PBXTargetDependency section */

/* Begin PBXVariantGroup section */
		DB6200B61FA1328900CBD73B /* Main.storyboard */ = {
			isa = PBXVariantGroup;
			children = (
				DB6200B71FA1328900CBD73B /* Base */,
			);
			name = Main.storyboard;
			sourceTree = "<group>";
		};
		DB6200BB1FA1328900CBD73B /* LaunchScreen.storyboard */ = {
			isa = PBXVariantGroup;
			children = (
				DB6200BC1FA1328900CBD73B /* Base */,
			);
			name = LaunchScreen.storyboard;
			sourceTree = "<group>";
		};
/* End PBXVariantGroup section */

/* Begin XCBuildConfiguration section */
		DB6200D51FA1328900CBD73B /* Debug */ = {
			isa = XCBuildConfiguration;
			buildSettings = {
				ALWAYS_SEARCH_USER_PATHS = NO;
				CLANG_ANALYZER_NONNULL = YES;
				CLANG_ANALYZER_NUMBER_OBJECT_CONVERSION = YES_AGGRESSIVE;
				CLANG_CXX_LANGUAGE_STANDARD = "gnu++14";
				CLANG_CXX_LIBRARY = "libc++";
				CLANG_ENABLE_MODULES = YES;
				CLANG_ENABLE_OBJC_ARC = YES;
				CLANG_WARN_BLOCK_CAPTURE_AUTORELEASING = YES;
				CLANG_WARN_BOOL_CONVERSION = YES;
				CLANG_WARN_COMMA = YES;
				CLANG_WARN_CONSTANT_CONVERSION = YES;
				CLANG_WARN_DIRECT_OBJC_ISA_USAGE = YES_ERROR;
				CLANG_WARN_DOCUMENTATION_COMMENTS = YES;
				CLANG_WARN_EMPTY_BODY = YES;
				CLANG_WARN_ENUM_CONVERSION = YES;
				CLANG_WARN_INFINITE_RECURSION = YES;
				CLANG_WARN_INT_CONVERSION = YES;
				CLANG_WARN_NON_LITERAL_NULL_CONVERSION = YES;
				CLANG_WARN_OBJC_LITERAL_CONVERSION = YES;
				CLANG_WARN_OBJC_ROOT_CLASS = YES_ERROR;
				CLANG_WARN_RANGE_LOOP_ANALYSIS = YES;
				CLANG_WARN_STRICT_PROTOTYPES = YES;
				CLANG_WARN_SUSPICIOUS_MOVE = YES;
				CLANG_WARN_UNGUARDED_AVAILABILITY = YES_AGGRESSIVE;
				CLANG_WARN_UNREACHABLE_CODE = YES;
				CLANG_WARN__DUPLICATE_METHOD_MATCH = YES;
				CODE_SIGN_IDENTITY = "iPhone Developer";
				COPY_PHASE_STRIP = NO;
				DEBUG_INFORMATION_FORMAT = dwarf;
				ENABLE_STRICT_OBJC_MSGSEND = YES;
				ENABLE_TESTABILITY = YES;
				GCC_C_LANGUAGE_STANDARD = gnu11;
				GCC_DYNAMIC_NO_PIC = NO;
				GCC_NO_COMMON_BLOCKS = YES;
				GCC_OPTIMIZATION_LEVEL = 0;
				GCC_PREPROCESSOR_DEFINITIONS = (
					"DEBUG=1",
					"$(inherited)",
				);
				GCC_WARN_64_TO_32_BIT_CONVERSION = YES;
				GCC_WARN_ABOUT_RETURN_TYPE = YES_ERROR;
				GCC_WARN_UNDECLARED_SELECTOR = YES;
				GCC_WARN_UNINITIALIZED_AUTOS = YES_AGGRESSIVE;
				GCC_WARN_UNUSED_FUNCTION = YES;
				GCC_WARN_UNUSED_VARIABLE = YES;
				IPHONEOS_DEPLOYMENT_TARGET = 11.0;
				MTL_ENABLE_DEBUG_INFO = YES;
				ONLY_ACTIVE_ARCH = YES;
				SDKROOT = iphoneos;
				SWIFT_ACTIVE_COMPILATION_CONDITIONS = DEBUG;
				SWIFT_OPTIMIZATION_LEVEL = "-Onone";
			};
			name = Debug;
		};
		DB6200D61FA1328900CBD73B /* Release */ = {
			isa = XCBuildConfiguration;
			buildSettings = {
				ALWAYS_SEARCH_USER_PATHS = NO;
				CLANG_ANALYZER_NONNULL = YES;
				CLANG_ANALYZER_NUMBER_OBJECT_CONVERSION = YES_AGGRESSIVE;
				CLANG_CXX_LANGUAGE_STANDARD = "gnu++14";
				CLANG_CXX_LIBRARY = "libc++";
				CLANG_ENABLE_MODULES = YES;
				CLANG_ENABLE_OBJC_ARC = YES;
				CLANG_WARN_BLOCK_CAPTURE_AUTORELEASING = YES;
				CLANG_WARN_BOOL_CONVERSION = YES;
				CLANG_WARN_COMMA = YES;
				CLANG_WARN_CONSTANT_CONVERSION = YES;
				CLANG_WARN_DIRECT_OBJC_ISA_USAGE = YES_ERROR;
				CLANG_WARN_DOCUMENTATION_COMMENTS = YES;
				CLANG_WARN_EMPTY_BODY = YES;
				CLANG_WARN_ENUM_CONVERSION = YES;
				CLANG_WARN_INFINITE_RECURSION = YES;
				CLANG_WARN_INT_CONVERSION = YES;
				CLANG_WARN_NON_LITERAL_NULL_CONVERSION = YES;
				CLANG_WARN_OBJC_LITERAL_CONVERSION = YES;
				CLANG_WARN_OBJC_ROOT_CLASS = YES_ERROR;
				CLANG_WARN_RANGE_LOOP_ANALYSIS = YES;
				CLANG_WARN_STRICT_PROTOTYPES = YES;
				CLANG_WARN_SUSPICIOUS_MOVE = YES;
				CLANG_WARN_UNGUARDED_AVAILABILITY = YES_AGGRESSIVE;
				CLANG_WARN_UNREACHABLE_CODE = YES;
				CLANG_WARN__DUPLICATE_METHOD_MATCH = YES;
				CODE_SIGN_IDENTITY = "iPhone Developer";
				COPY_PHASE_STRIP = NO;
				DEBUG_INFORMATION_FORMAT = "dwarf-with-dsym";
				ENABLE_NS_ASSERTIONS = NO;
				ENABLE_STRICT_OBJC_MSGSEND = YES;
				GCC_C_LANGUAGE_STANDARD = gnu11;
				GCC_NO_COMMON_BLOCKS = YES;
				GCC_WARN_64_TO_32_BIT_CONVERSION = YES;
				GCC_WARN_ABOUT_RETURN_TYPE = YES_ERROR;
				GCC_WARN_UNDECLARED_SELECTOR = YES;
				GCC_WARN_UNINITIALIZED_AUTOS = YES_AGGRESSIVE;
				GCC_WARN_UNUSED_FUNCTION = YES;
				GCC_WARN_UNUSED_VARIABLE = YES;
				IPHONEOS_DEPLOYMENT_TARGET = 11.0;
				MTL_ENABLE_DEBUG_INFO = NO;
				SDKROOT = iphoneos;
				SWIFT_OPTIMIZATION_LEVEL = "-Owholemodule";
				VALIDATE_PRODUCT = YES;
			};
			name = Release;
		};
		DB6200D81FA1328900CBD73B /* Debug */ = {
			isa = XCBuildConfiguration;
			buildSettings = {
				ASSETCATALOG_COMPILER_APPICON_NAME = AppIcon;
				CODE_SIGN_STYLE = Automatic;
				DEVELOPMENT_TEAM = MZ5A7S8SAG;
				INFOPLIST_FILE = "dev-profile/Info.plist";
				LD_RUNPATH_SEARCH_PATHS = "$(inherited) @executable_path/Frameworks";
				PRODUCT_BUNDLE_IDENTIFIER = "co.SensesConcepts.dev-profile";
				PRODUCT_NAME = "$(TARGET_NAME)";
				SWIFT_VERSION = 4.0;
				TARGETED_DEVICE_FAMILY = "1,2";
			};
			name = Debug;
		};
		DB6200D91FA1328900CBD73B /* Release */ = {
			isa = XCBuildConfiguration;
			buildSettings = {
				ASSETCATALOG_COMPILER_APPICON_NAME = AppIcon;
				CODE_SIGN_STYLE = Automatic;
				DEVELOPMENT_TEAM = MZ5A7S8SAG;
				INFOPLIST_FILE = "dev-profile/Info.plist";
				LD_RUNPATH_SEARCH_PATHS = "$(inherited) @executable_path/Frameworks";
				PRODUCT_BUNDLE_IDENTIFIER = "co.SensesConcepts.dev-profile";
				PRODUCT_NAME = "$(TARGET_NAME)";
				SWIFT_VERSION = 4.0;
				TARGETED_DEVICE_FAMILY = "1,2";
			};
			name = Release;
		};
		DB6200DB1FA1328900CBD73B /* Debug */ = {
			isa = XCBuildConfiguration;
			buildSettings = {
				ALWAYS_EMBED_SWIFT_STANDARD_LIBRARIES = YES;
				BUNDLE_LOADER = "$(TEST_HOST)";
				CODE_SIGN_STYLE = Automatic;
				INFOPLIST_FILE = "dev-profileTests/Info.plist";
				LD_RUNPATH_SEARCH_PATHS = "$(inherited) @executable_path/Frameworks @loader_path/Frameworks";
				PRODUCT_BUNDLE_IDENTIFIER = "co.SensesConcepts.dev-profileTests";
				PRODUCT_NAME = "$(TARGET_NAME)";
				SWIFT_VERSION = 4.0;
				TARGETED_DEVICE_FAMILY = "1,2";
				TEST_HOST = "$(BUILT_PRODUCTS_DIR)/dev-profile.app/dev-profile";
			};
			name = Debug;
		};
		DB6200DC1FA1328900CBD73B /* Release */ = {
			isa = XCBuildConfiguration;
			buildSettings = {
				ALWAYS_EMBED_SWIFT_STANDARD_LIBRARIES = YES;
				BUNDLE_LOADER = "$(TEST_HOST)";
				CODE_SIGN_STYLE = Automatic;
				INFOPLIST_FILE = "dev-profileTests/Info.plist";
				LD_RUNPATH_SEARCH_PATHS = "$(inherited) @executable_path/Frameworks @loader_path/Frameworks";
				PRODUCT_BUNDLE_IDENTIFIER = "co.SensesConcepts.dev-profileTests";
				PRODUCT_NAME = "$(TARGET_NAME)";
				SWIFT_VERSION = 4.0;
				TARGETED_DEVICE_FAMILY = "1,2";
				TEST_HOST = "$(BUILT_PRODUCTS_DIR)/dev-profile.app/dev-profile";
			};
			name = Release;
		};
		DB6200DE1FA1328900CBD73B /* Debug */ = {
			isa = XCBuildConfiguration;
			buildSettings = {
				ALWAYS_EMBED_SWIFT_STANDARD_LIBRARIES = YES;
				CODE_SIGN_STYLE = Automatic;
				INFOPLIST_FILE = "dev-profileUITests/Info.plist";
				LD_RUNPATH_SEARCH_PATHS = "$(inherited) @executable_path/Frameworks @loader_path/Frameworks";
				PRODUCT_BUNDLE_IDENTIFIER = "co.SensesConcepts.dev-profileUITests";
				PRODUCT_NAME = "$(TARGET_NAME)";
				SWIFT_VERSION = 4.0;
				TARGETED_DEVICE_FAMILY = "1,2";
				TEST_TARGET_NAME = "dev-profile";
			};
			name = Debug;
		};
		DB6200DF1FA1328900CBD73B /* Release */ = {
			isa = XCBuildConfiguration;
			buildSettings = {
				ALWAYS_EMBED_SWIFT_STANDARD_LIBRARIES = YES;
				CODE_SIGN_STYLE = Automatic;
				INFOPLIST_FILE = "dev-profileUITests/Info.plist";
				LD_RUNPATH_SEARCH_PATHS = "$(inherited) @executable_path/Frameworks @loader_path/Frameworks";
				PRODUCT_BUNDLE_IDENTIFIER = "co.SensesConcepts.dev-profileUITests";
				PRODUCT_NAME = "$(TARGET_NAME)";
				SWIFT_VERSION = 4.0;
				TARGETED_DEVICE_FAMILY = "1,2";
				TEST_TARGET_NAME = "dev-profile";
			};
			name = Release;
		};
/* End XCBuildConfiguration section */

/* Begin XCConfigurationList section */
		DB6200AA1FA1328900CBD73B /* Build configuration list for PBXProject "dev-profile" */ = {
			isa = XCConfigurationList;
			buildConfigurations = (
				DB6200D51FA1328900CBD73B /* Debug */,
				DB6200D61FA1328900CBD73B /* Release */,
			);
			defaultConfigurationIsVisible = 0;
			defaultConfigurationName = Release;
		};
		DB6200D71FA1328900CBD73B /* Build configuration list for PBXNativeTarget "dev-profile" */ = {
			isa = XCConfigurationList;
			buildConfigurations = (
				DB6200D81FA1328900CBD73B /* Debug */,
				DB6200D91FA1328900CBD73B /* Release */,
			);
			defaultConfigurationIsVisible = 0;
			defaultConfigurationName = Release;
		};
		DB6200DA1FA1328900CBD73B /* Build configuration list for PBXNativeTarget "dev-profileTests" */ = {
			isa = XCConfigurationList;
			buildConfigurations = (
				DB6200DB1FA1328900CBD73B /* Debug */,
				DB6200DC1FA1328900CBD73B /* Release */,
			);
			defaultConfigurationIsVisible = 0;
			defaultConfigurationName = Release;
		};
		DB6200DD1FA1328900CBD73B /* Build configuration list for PBXNativeTarget "dev-profileUITests" */ = {
			isa = XCConfigurationList;
			buildConfigurations = (
				DB6200DE1FA1328900CBD73B /* Debug */,
				DB6200DF1FA1328900CBD73B /* Release */,
			);
			defaultConfigurationIsVisible = 0;
			defaultConfigurationName = Release;
		};
/* End XCConfigurationList section */
	};
	rootObject = DB6200A71FA1328900CBD73B /* Project object */;
}
